// !$*UTF8*$!
{
	archiveVersion = 1;
	classes = {
	};
	objectVersion = 56;
	objects = {

/* Begin PBXBuildFile section */
		FC0BC7462B51955F00A3DEC2 /* Team.swift in Sources */ = {isa = PBXBuildFile; fileRef = FC0BC7452B51955F00A3DEC2 /* Team.swift */; };
		FC0BC7482B51959B00A3DEC2 /* TeamHelper.swift in Sources */ = {isa = PBXBuildFile; fileRef = FC0BC7472B51959B00A3DEC2 /* TeamHelper.swift */; };
		FC0BC74F2B51A42A00A3DEC2 /* TeamListItemView.swift in Sources */ = {isa = PBXBuildFile; fileRef = FC0BC74E2B51A42A00A3DEC2 /* TeamListItemView.swift */; };
		FC0BC7512B51B41100A3DEC2 /* InvitationToUpgradeView.swift in Sources */ = {isa = PBXBuildFile; fileRef = FC0BC7502B51B41100A3DEC2 /* InvitationToUpgradeView.swift */; };
		FC0BC7542B51B69600A3DEC2 /* TeamDetailView.swift in Sources */ = {isa = PBXBuildFile; fileRef = FC0BC7532B51B69600A3DEC2 /* TeamDetailView.swift */; };
		FC0BC7582B51B98B00A3DEC2 /* NoTapAnimationStyle.swift in Sources */ = {isa = PBXBuildFile; fileRef = FC0BC7572B51B98B00A3DEC2 /* NoTapAnimationStyle.swift */; };
		FC0BC75B2B51C0BC00A3DEC2 /* AccountView.swift in Sources */ = {isa = PBXBuildFile; fileRef = FC0BC75A2B51C0BC00A3DEC2 /* AccountView.swift */; };
		FC0BC7602B51D72600A3DEC2 /* RCButton.swift in Sources */ = {isa = PBXBuildFile; fileRef = FC0BC75F2B51D72600A3DEC2 /* RCButton.swift */; };
		FC3A6F6A2B519475000BAEF4 /* RCPremierLeagueApp.swift in Sources */ = {isa = PBXBuildFile; fileRef = FC3A6F692B519475000BAEF4 /* RCPremierLeagueApp.swift */; };
		FC3A6F6C2B519475000BAEF4 /* TeamListView.swift in Sources */ = {isa = PBXBuildFile; fileRef = FC3A6F6B2B519475000BAEF4 /* TeamListView.swift */; };
		FC3A6F6E2B519476000BAEF4 /* Assets.xcassets in Resources */ = {isa = PBXBuildFile; fileRef = FC3A6F6D2B519476000BAEF4 /* Assets.xcassets */; };
		FC3A6F722B519476000BAEF4 /* Preview Assets.xcassets in Resources */ = {isa = PBXBuildFile; fileRef = FC3A6F712B519476000BAEF4 /* Preview Assets.xcassets */; };
		FCE279DA2B52237F00554456 /* ReceiptParser in Frameworks */ = {isa = PBXBuildFile; productRef = FCE279D92B52237F00554456 /* ReceiptParser */; };
		FCE279DC2B52237F00554456 /* RevenueCat in Frameworks */ = {isa = PBXBuildFile; productRef = FCE279DB2B52237F00554456 /* RevenueCat */; };
		FCE279DE2B52237F00554456 /* RevenueCatUI in Frameworks */ = {isa = PBXBuildFile; productRef = FCE279DD2B52237F00554456 /* RevenueCatUI */; };
		FCE279E32B52245600554456 /* StoreKit.framework in Frameworks */ = {isa = PBXBuildFile; fileRef = FCE279E22B52245600554456 /* StoreKit.framework */; };
/* End PBXBuildFile section */

/* Begin PBXFileReference section */
		FC0BC7452B51955F00A3DEC2 /* Team.swift */ = {isa = PBXFileReference; lastKnownFileType = sourcecode.swift; path = Team.swift; sourceTree = "<group>"; };
		FC0BC7472B51959B00A3DEC2 /* TeamHelper.swift */ = {isa = PBXFileReference; lastKnownFileType = sourcecode.swift; path = TeamHelper.swift; sourceTree = "<group>"; };
		FC0BC74E2B51A42A00A3DEC2 /* TeamListItemView.swift */ = {isa = PBXFileReference; lastKnownFileType = sourcecode.swift; path = TeamListItemView.swift; sourceTree = "<group>"; };
		FC0BC7502B51B41100A3DEC2 /* InvitationToUpgradeView.swift */ = {isa = PBXFileReference; lastKnownFileType = sourcecode.swift; path = InvitationToUpgradeView.swift; sourceTree = "<group>"; };
		FC0BC7532B51B69600A3DEC2 /* TeamDetailView.swift */ = {isa = PBXFileReference; lastKnownFileType = sourcecode.swift; path = TeamDetailView.swift; sourceTree = "<group>"; };
		FC0BC7572B51B98B00A3DEC2 /* NoTapAnimationStyle.swift */ = {isa = PBXFileReference; lastKnownFileType = sourcecode.swift; path = NoTapAnimationStyle.swift; sourceTree = "<group>"; };
		FC0BC75A2B51C0BC00A3DEC2 /* AccountView.swift */ = {isa = PBXFileReference; lastKnownFileType = sourcecode.swift; path = AccountView.swift; sourceTree = "<group>"; };
		FC0BC75F2B51D72600A3DEC2 /* RCButton.swift */ = {isa = PBXFileReference; lastKnownFileType = sourcecode.swift; path = RCButton.swift; sourceTree = "<group>"; };
		FC3A6F662B519475000BAEF4 /* rc-premier-league.app */ = {isa = PBXFileReference; explicitFileType = wrapper.application; includeInIndex = 0; path = "rc-premier-league.app"; sourceTree = BUILT_PRODUCTS_DIR; };
		FC3A6F692B519475000BAEF4 /* RCPremierLeagueApp.swift */ = {isa = PBXFileReference; lastKnownFileType = sourcecode.swift; path = RCPremierLeagueApp.swift; sourceTree = "<group>"; };
		FC3A6F6B2B519475000BAEF4 /* TeamListView.swift */ = {isa = PBXFileReference; lastKnownFileType = sourcecode.swift; path = TeamListView.swift; sourceTree = "<group>"; };
		FC3A6F6D2B519476000BAEF4 /* Assets.xcassets */ = {isa = PBXFileReference; lastKnownFileType = folder.assetcatalog; path = Assets.xcassets; sourceTree = "<group>"; };
		FC3A6F6F2B519476000BAEF4 /* rc_premier_league.entitlements */ = {isa = PBXFileReference; lastKnownFileType = text.plist.entitlements; path = rc_premier_league.entitlements; sourceTree = "<group>"; };
		FC3A6F712B519476000BAEF4 /* Preview Assets.xcassets */ = {isa = PBXFileReference; lastKnownFileType = folder.assetcatalog; path = "Preview Assets.xcassets"; sourceTree = "<group>"; };
		FCE279E22B52245600554456 /* StoreKit.framework */ = {isa = PBXFileReference; lastKnownFileType = wrapper.framework; name = StoreKit.framework; path = System/Library/Frameworks/StoreKit.framework; sourceTree = SDKROOT; };
/* End PBXFileReference section */

/* Begin PBXFrameworksBuildPhase section */
		FC3A6F632B519475000BAEF4 /* Frameworks */ = {
			isa = PBXFrameworksBuildPhase;
			buildActionMask = 2147483647;
			files = (
				FCE279DC2B52237F00554456 /* RevenueCat in Frameworks */,
				FCE279DA2B52237F00554456 /* ReceiptParser in Frameworks */,
				FCE279E32B52245600554456 /* StoreKit.framework in Frameworks */,
				FCE279DE2B52237F00554456 /* RevenueCatUI in Frameworks */,
			);
			runOnlyForDeploymentPostprocessing = 0;
		};
/* End PBXFrameworksBuildPhase section */

/* Begin PBXGroup section */
		FC0BC7442B51955800A3DEC2 /* Model */ = {
			isa = PBXGroup;
			children = (
				FC0BC7452B51955F00A3DEC2 /* Team.swift */,
			);
			path = Model;
			sourceTree = "<group>";
		};
		FC0BC7492B51959D00A3DEC2 /* Common */ = {
			isa = PBXGroup;
			children = (
				FC0BC7572B51B98B00A3DEC2 /* NoTapAnimationStyle.swift */,
				FC0BC7472B51959B00A3DEC2 /* TeamHelper.swift */,
				FC0BC75F2B51D72600A3DEC2 /* RCButton.swift */,
			);
			path = Common;
			sourceTree = "<group>";
		};
		FC0BC74A2B51A2F500A3DEC2 /* Features */ = {
			isa = PBXGroup;
			children = (
				FC0BC74C2B51A40500A3DEC2 /* TeamList */,
				FC0BC7522B51B68700A3DEC2 /* TeamDetail */,
				FC0BC7592B51C0B400A3DEC2 /* Account */,
			);
			path = Features;
			sourceTree = "<group>";
		};
		FC0BC74B2B51A30700A3DEC2 /* Resources */ = {
			isa = PBXGroup;
			children = (
				FC3A6F6D2B519476000BAEF4 /* Assets.xcassets */,
				FC3A6F6F2B519476000BAEF4 /* rc_premier_league.entitlements */,
				FC3A6F702B519476000BAEF4 /* Preview Content */,
			);
			path = Resources;
			sourceTree = "<group>";
		};
		FC0BC74C2B51A40500A3DEC2 /* TeamList */ = {
			isa = PBXGroup;
			children = (
				FC3A6F6B2B519475000BAEF4 /* TeamListView.swift */,
				FC0BC74D2B51A40B00A3DEC2 /* Views */,
			);
			path = TeamList;
			sourceTree = "<group>";
		};
		FC0BC74D2B51A40B00A3DEC2 /* Views */ = {
			isa = PBXGroup;
			children = (
				FC0BC74E2B51A42A00A3DEC2 /* TeamListItemView.swift */,
				FC0BC7502B51B41100A3DEC2 /* InvitationToUpgradeView.swift */,
			);
			path = Views;
			sourceTree = "<group>";
		};
		FC0BC7522B51B68700A3DEC2 /* TeamDetail */ = {
			isa = PBXGroup;
			children = (
				FC0BC7532B51B69600A3DEC2 /* TeamDetailView.swift */,
			);
			path = TeamDetail;
			sourceTree = "<group>";
		};
		FC0BC7592B51C0B400A3DEC2 /* Account */ = {
			isa = PBXGroup;
			children = (
				FC0BC75A2B51C0BC00A3DEC2 /* AccountView.swift */,
			);
			path = Account;
			sourceTree = "<group>";
		};
		FC3A6F5D2B519475000BAEF4 = {
			isa = PBXGroup;
			children = (
				FC3A6F682B519475000BAEF4 /* rc-premier-league */,
				FC3A6F672B519475000BAEF4 /* Products */,
				FCE279E12B52245600554456 /* Frameworks */,
			);
			sourceTree = "<group>";
		};
		FC3A6F672B519475000BAEF4 /* Products */ = {
			isa = PBXGroup;
			children = (
				FC3A6F662B519475000BAEF4 /* rc-premier-league.app */,
			);
			name = Products;
			sourceTree = "<group>";
		};
		FC3A6F682B519475000BAEF4 /* rc-premier-league */ = {
			isa = PBXGroup;
			children = (
				FC3A6F692B519475000BAEF4 /* RCPremierLeagueApp.swift */,
				FC0BC7492B51959D00A3DEC2 /* Common */,
				FC0BC7442B51955800A3DEC2 /* Model */,
				FC0BC74A2B51A2F500A3DEC2 /* Features */,
				FC0BC74B2B51A30700A3DEC2 /* Resources */,
			);
			path = "rc-premier-league";
			sourceTree = "<group>";
		};
		FC3A6F702B519476000BAEF4 /* Preview Content */ = {
			isa = PBXGroup;
			children = (
				FC3A6F712B519476000BAEF4 /* Preview Assets.xcassets */,
			);
			path = "Preview Content";
			sourceTree = "<group>";
		};
		FCE279E12B52245600554456 /* Frameworks */ = {
			isa = PBXGroup;
			children = (
				FCE279E22B52245600554456 /* StoreKit.framework */,
			);
			name = Frameworks;
			sourceTree = "<group>";
		};
/* End PBXGroup section */

/* Begin PBXNativeTarget section */
		FC3A6F652B519475000BAEF4 /* rc-premier-league */ = {
			isa = PBXNativeTarget;
			buildConfigurationList = FC3A6F752B519476000BAEF4 /* Build configuration list for PBXNativeTarget "rc-premier-league" */;
			buildPhases = (
				FC3A6F622B519475000BAEF4 /* Sources */,
				FC3A6F632B519475000BAEF4 /* Frameworks */,
				FC3A6F642B519475000BAEF4 /* Resources */,
			);
			buildRules = (
			);
			dependencies = (
			);
			name = "rc-premier-league";
			packageProductDependencies = (
				FCE279D92B52237F00554456 /* ReceiptParser */,
				FCE279DB2B52237F00554456 /* RevenueCat */,
				FCE279DD2B52237F00554456 /* RevenueCatUI */,
			);
			productName = "rc-premier-league";
			productReference = FC3A6F662B519475000BAEF4 /* rc-premier-league.app */;
			productType = "com.apple.product-type.application";
		};
/* End PBXNativeTarget section */

/* Begin PBXProject section */
		FC3A6F5E2B519475000BAEF4 /* Project object */ = {
			isa = PBXProject;
			attributes = {
				BuildIndependentTargetsInParallel = 1;
				LastSwiftUpdateCheck = 1510;
				LastUpgradeCheck = 1510;
				TargetAttributes = {
					FC3A6F652B519475000BAEF4 = {
						CreatedOnToolsVersion = 15.1;
					};
				};
			};
			buildConfigurationList = FC3A6F612B519475000BAEF4 /* Build configuration list for PBXProject "rc-premier-league" */;
			compatibilityVersion = "Xcode 14.0";
			developmentRegion = en;
			hasScannedForEncodings = 0;
			knownRegions = (
				en,
				Base,
			);
			mainGroup = FC3A6F5D2B519475000BAEF4;
			packageReferences = (
				FCE279D82B52237F00554456 /* XCRemoteSwiftPackageReference "purchases-ios" */,
			);
			productRefGroup = FC3A6F672B519475000BAEF4 /* Products */;
			projectDirPath = "";
			projectRoot = "";
			targets = (
				FC3A6F652B519475000BAEF4 /* rc-premier-league */,
			);
		};
/* End PBXProject section */

/* Begin PBXResourcesBuildPhase section */
		FC3A6F642B519475000BAEF4 /* Resources */ = {
			isa = PBXResourcesBuildPhase;
			buildActionMask = 2147483647;
			files = (
				FC3A6F722B519476000BAEF4 /* Preview Assets.xcassets in Resources */,
				FC3A6F6E2B519476000BAEF4 /* Assets.xcassets in Resources */,
			);
			runOnlyForDeploymentPostprocessing = 0;
		};
/* End PBXResourcesBuildPhase section */

/* Begin PBXSourcesBuildPhase section */
		FC3A6F622B519475000BAEF4 /* Sources */ = {
			isa = PBXSourcesBuildPhase;
			buildActionMask = 2147483647;
			files = (
				FC0BC7462B51955F00A3DEC2 /* Team.swift in Sources */,
				FC0BC7512B51B41100A3DEC2 /* InvitationToUpgradeView.swift in Sources */,
				FC0BC74F2B51A42A00A3DEC2 /* TeamListItemView.swift in Sources */,
				FC3A6F6C2B519475000BAEF4 /* TeamListView.swift in Sources */,
				FC0BC7482B51959B00A3DEC2 /* TeamHelper.swift in Sources */,
				FC0BC7602B51D72600A3DEC2 /* RCButton.swift in Sources */,
				FC3A6F6A2B519475000BAEF4 /* RCPremierLeagueApp.swift in Sources */,
				FC0BC75B2B51C0BC00A3DEC2 /* AccountView.swift in Sources */,
				FC0BC7542B51B69600A3DEC2 /* TeamDetailView.swift in Sources */,
				FC0BC7582B51B98B00A3DEC2 /* NoTapAnimationStyle.swift in Sources */,
			);
			runOnlyForDeploymentPostprocessing = 0;
		};
/* End PBXSourcesBuildPhase section */

/* Begin XCBuildConfiguration section */
		FC3A6F732B519476000BAEF4 /* Debug */ = {
			isa = XCBuildConfiguration;
			buildSettings = {
				ALWAYS_SEARCH_USER_PATHS = NO;
				ASSETCATALOG_COMPILER_GENERATE_SWIFT_ASSET_SYMBOL_EXTENSIONS = YES;
				CLANG_ANALYZER_NONNULL = YES;
				CLANG_ANALYZER_NUMBER_OBJECT_CONVERSION = YES_AGGRESSIVE;
				CLANG_CXX_LANGUAGE_STANDARD = "gnu++20";
				CLANG_ENABLE_MODULES = YES;
				CLANG_ENABLE_OBJC_ARC = YES;
				CLANG_ENABLE_OBJC_WEAK = YES;
				CLANG_WARN_BLOCK_CAPTURE_AUTORELEASING = YES;
				CLANG_WARN_BOOL_CONVERSION = YES;
				CLANG_WARN_COMMA = YES;
				CLANG_WARN_CONSTANT_CONVERSION = YES;
				CLANG_WARN_DEPRECATED_OBJC_IMPLEMENTATIONS = YES;
				CLANG_WARN_DIRECT_OBJC_ISA_USAGE = YES_ERROR;
				CLANG_WARN_DOCUMENTATION_COMMENTS = YES;
				CLANG_WARN_EMPTY_BODY = YES;
				CLANG_WARN_ENUM_CONVERSION = YES;
				CLANG_WARN_INFINITE_RECURSION = YES;
				CLANG_WARN_INT_CONVERSION = YES;
				CLANG_WARN_NON_LITERAL_NULL_CONVERSION = YES;
				CLANG_WARN_OBJC_IMPLICIT_RETAIN_SELF = YES;
				CLANG_WARN_OBJC_LITERAL_CONVERSION = YES;
				CLANG_WARN_OBJC_ROOT_CLASS = YES_ERROR;
				CLANG_WARN_QUOTED_INCLUDE_IN_FRAMEWORK_HEADER = YES;
				CLANG_WARN_RANGE_LOOP_ANALYSIS = YES;
				CLANG_WARN_STRICT_PROTOTYPES = YES;
				CLANG_WARN_SUSPICIOUS_MOVE = YES;
				CLANG_WARN_UNGUARDED_AVAILABILITY = YES_AGGRESSIVE;
				CLANG_WARN_UNREACHABLE_CODE = YES;
				CLANG_WARN__DUPLICATE_METHOD_MATCH = YES;
				COPY_PHASE_STRIP = NO;
				DEBUG_INFORMATION_FORMAT = dwarf;
				ENABLE_STRICT_OBJC_MSGSEND = YES;
				ENABLE_TESTABILITY = YES;
				ENABLE_USER_SCRIPT_SANDBOXING = YES;
				GCC_C_LANGUAGE_STANDARD = gnu17;
				GCC_DYNAMIC_NO_PIC = NO;
				GCC_NO_COMMON_BLOCKS = YES;
				GCC_OPTIMIZATION_LEVEL = 0;
				GCC_PREPROCESSOR_DEFINITIONS = (
					"DEBUG=1",
					"$(inherited)",
				);
				GCC_WARN_64_TO_32_BIT_CONVERSION = YES;
				GCC_WARN_ABOUT_RETURN_TYPE = YES_ERROR;
				GCC_WARN_UNDECLARED_SELECTOR = YES;
				GCC_WARN_UNINITIALIZED_AUTOS = YES_AGGRESSIVE;
				GCC_WARN_UNUSED_FUNCTION = YES;
				GCC_WARN_UNUSED_VARIABLE = YES;
				LOCALIZATION_PREFERS_STRING_CATALOGS = YES;
				MTL_ENABLE_DEBUG_INFO = INCLUDE_SOURCE;
				MTL_FAST_MATH = YES;
				ONLY_ACTIVE_ARCH = YES;
				SWIFT_ACTIVE_COMPILATION_CONDITIONS = "DEBUG $(inherited)";
				SWIFT_OPTIMIZATION_LEVEL = "-Onone";
			};
			name = Debug;
		};
		FC3A6F742B519476000BAEF4 /* Release */ = {
			isa = XCBuildConfiguration;
			buildSettings = {
				ALWAYS_SEARCH_USER_PATHS = NO;
				ASSETCATALOG_COMPILER_GENERATE_SWIFT_ASSET_SYMBOL_EXTENSIONS = YES;
				CLANG_ANALYZER_NONNULL = YES;
				CLANG_ANALYZER_NUMBER_OBJECT_CONVERSION = YES_AGGRESSIVE;
				CLANG_CXX_LANGUAGE_STANDARD = "gnu++20";
				CLANG_ENABLE_MODULES = YES;
				CLANG_ENABLE_OBJC_ARC = YES;
				CLANG_ENABLE_OBJC_WEAK = YES;
				CLANG_WARN_BLOCK_CAPTURE_AUTORELEASING = YES;
				CLANG_WARN_BOOL_CONVERSION = YES;
				CLANG_WARN_COMMA = YES;
				CLANG_WARN_CONSTANT_CONVERSION = YES;
				CLANG_WARN_DEPRECATED_OBJC_IMPLEMENTATIONS = YES;
				CLANG_WARN_DIRECT_OBJC_ISA_USAGE = YES_ERROR;
				CLANG_WARN_DOCUMENTATION_COMMENTS = YES;
				CLANG_WARN_EMPTY_BODY = YES;
				CLANG_WARN_ENUM_CONVERSION = YES;
				CLANG_WARN_INFINITE_RECURSION = YES;
				CLANG_WARN_INT_CONVERSION = YES;
				CLANG_WARN_NON_LITERAL_NULL_CONVERSION = YES;
				CLANG_WARN_OBJC_IMPLICIT_RETAIN_SELF = YES;
				CLANG_WARN_OBJC_LITERAL_CONVERSION = YES;
				CLANG_WARN_OBJC_ROOT_CLASS = YES_ERROR;
				CLANG_WARN_QUOTED_INCLUDE_IN_FRAMEWORK_HEADER = YES;
				CLANG_WARN_RANGE_LOOP_ANALYSIS = YES;
				CLANG_WARN_STRICT_PROTOTYPES = YES;
				CLANG_WARN_SUSPICIOUS_MOVE = YES;
				CLANG_WARN_UNGUARDED_AVAILABILITY = YES_AGGRESSIVE;
				CLANG_WARN_UNREACHABLE_CODE = YES;
				CLANG_WARN__DUPLICATE_METHOD_MATCH = YES;
				COPY_PHASE_STRIP = NO;
				DEBUG_INFORMATION_FORMAT = "dwarf-with-dsym";
				ENABLE_NS_ASSERTIONS = NO;
				ENABLE_STRICT_OBJC_MSGSEND = YES;
				ENABLE_USER_SCRIPT_SANDBOXING = YES;
				GCC_C_LANGUAGE_STANDARD = gnu17;
				GCC_NO_COMMON_BLOCKS = YES;
				GCC_WARN_64_TO_32_BIT_CONVERSION = YES;
				GCC_WARN_ABOUT_RETURN_TYPE = YES_ERROR;
				GCC_WARN_UNDECLARED_SELECTOR = YES;
				GCC_WARN_UNINITIALIZED_AUTOS = YES_AGGRESSIVE;
				GCC_WARN_UNUSED_FUNCTION = YES;
				GCC_WARN_UNUSED_VARIABLE = YES;
				LOCALIZATION_PREFERS_STRING_CATALOGS = YES;
				MTL_ENABLE_DEBUG_INFO = NO;
				MTL_FAST_MATH = YES;
				SWIFT_COMPILATION_MODE = wholemodule;
			};
			name = Release;
		};
		FC3A6F762B519476000BAEF4 /* Debug */ = {
			isa = XCBuildConfiguration;
			buildSettings = {
				ASSETCATALOG_COMPILER_APPICON_NAME = AppIcon;
				ASSETCATALOG_COMPILER_GLOBAL_ACCENT_COLOR_NAME = AccentColor;
				CODE_SIGN_ENTITLEMENTS = "rc-premier-league/Resources/rc_premier_league.entitlements";
				CODE_SIGN_IDENTITY = "Apple Development";
				"CODE_SIGN_IDENTITY[sdk=iphoneos*]" = "iPhone Developer";
				CODE_SIGN_STYLE = Manual;
				CREATE_INFOPLIST_SECTION_IN_BINARY = NO;
				CURRENT_PROJECT_VERSION = 1;
				DEVELOPMENT_ASSET_PATHS = "\"rc-premier-league/Resources/Preview Content\"";
				DEVELOPMENT_TEAM = "";
				"DEVELOPMENT_TEAM[sdk=iphoneos*]" = RP68K7NXAW;
				DONT_GENERATE_INFOPLIST_FILE = YES;
				ENABLE_HARDENED_RUNTIME = YES;
				ENABLE_PREVIEWS = YES;
				GENERATE_INFOPLIST_FILE = YES;
				INFOPLIST_FILE = "";
				INFOPLIST_KEY_CFBundleDisplayName = "RC Premier League";
				INFOPLIST_KEY_LSApplicationCategoryType = "public.app-category.sports";
				"INFOPLIST_KEY_UIApplicationSceneManifest_Generation[sdk=iphoneos*]" = YES;
				"INFOPLIST_KEY_UIApplicationSceneManifest_Generation[sdk=iphonesimulator*]" = YES;
				"INFOPLIST_KEY_UIApplicationSupportsIndirectInputEvents[sdk=iphoneos*]" = YES;
				"INFOPLIST_KEY_UIApplicationSupportsIndirectInputEvents[sdk=iphonesimulator*]" = YES;
				"INFOPLIST_KEY_UILaunchScreen_Generation[sdk=iphoneos*]" = YES;
				"INFOPLIST_KEY_UILaunchScreen_Generation[sdk=iphonesimulator*]" = YES;
				"INFOPLIST_KEY_UIStatusBarStyle[sdk=iphoneos*]" = UIStatusBarStyleDefault;
				"INFOPLIST_KEY_UIStatusBarStyle[sdk=iphonesimulator*]" = UIStatusBarStyleDefault;
				INFOPLIST_KEY_UISupportedInterfaceOrientations = UIInterfaceOrientationPortrait;
				INFOPLIST_KEY_UISupportedInterfaceOrientations_iPad = "UIInterfaceOrientationLandscapeLeft UIInterfaceOrientationLandscapeRight UIInterfaceOrientationPortrait UIInterfaceOrientationPortraitUpsideDown";
				IPHONEOS_DEPLOYMENT_TARGET = 16.0;
				LD_RUNPATH_SEARCH_PATHS = "@executable_path/Frameworks";
				"LD_RUNPATH_SEARCH_PATHS[sdk=macosx*]" = "@executable_path/../Frameworks";
				MACOSX_DEPLOYMENT_TARGET = 14.2;
				MARKETING_VERSION = 1.0;
				PRODUCT_BUNDLE_IDENTIFIER = com.maximedelporte.rcpremierleague;
				PRODUCT_NAME = "$(TARGET_NAME)";
				PROVISIONING_PROFILE_SPECIFIER = "";
				"PROVISIONING_PROFILE_SPECIFIER[sdk=iphoneos*]" = "RC Premier League match Development";
				SDKROOT = auto;
				SUPPORTED_PLATFORMS = "iphoneos iphonesimulator";
				SUPPORTS_MACCATALYST = NO;
				SWIFT_EMIT_LOC_STRINGS = YES;
				SWIFT_VERSION = 5.0;
				TARGETED_DEVICE_FAMILY = "1,2";
			};
			name = Debug;
		};
		FC3A6F772B519476000BAEF4 /* Release */ = {
			isa = XCBuildConfiguration;
			buildSettings = {
				ASSETCATALOG_COMPILER_APPICON_NAME = AppIcon;
				ASSETCATALOG_COMPILER_GLOBAL_ACCENT_COLOR_NAME = AccentColor;
				CODE_SIGN_ENTITLEMENTS = "rc-premier-league/Resources/rc_premier_league.entitlements";
				CODE_SIGN_IDENTITY = "Apple Development";
				"CODE_SIGN_IDENTITY[sdk=iphoneos*]" = "iPhone Distribution";
				CODE_SIGN_STYLE = Manual;
				CREATE_INFOPLIST_SECTION_IN_BINARY = NO;
				CURRENT_PROJECT_VERSION = 1;
				DEVELOPMENT_ASSET_PATHS = "\"rc-premier-league/Resources/Preview Content\"";
				DEVELOPMENT_TEAM = "";
				"DEVELOPMENT_TEAM[sdk=iphoneos*]" = RP68K7NXAW;
				DONT_GENERATE_INFOPLIST_FILE = YES;
				ENABLE_HARDENED_RUNTIME = YES;
				ENABLE_PREVIEWS = YES;
				GENERATE_INFOPLIST_FILE = YES;
				INFOPLIST_FILE = "";
				INFOPLIST_KEY_CFBundleDisplayName = "RC Premier League";
				INFOPLIST_KEY_LSApplicationCategoryType = "public.app-category.sports";
				"INFOPLIST_KEY_UIApplicationSceneManifest_Generation[sdk=iphoneos*]" = YES;
				"INFOPLIST_KEY_UIApplicationSceneManifest_Generation[sdk=iphonesimulator*]" = YES;
				"INFOPLIST_KEY_UIApplicationSupportsIndirectInputEvents[sdk=iphoneos*]" = YES;
				"INFOPLIST_KEY_UIApplicationSupportsIndirectInputEvents[sdk=iphonesimulator*]" = YES;
				"INFOPLIST_KEY_UILaunchScreen_Generation[sdk=iphoneos*]" = YES;
				"INFOPLIST_KEY_UILaunchScreen_Generation[sdk=iphonesimulator*]" = YES;
				"INFOPLIST_KEY_UIStatusBarStyle[sdk=iphoneos*]" = UIStatusBarStyleDefault;
				"INFOPLIST_KEY_UIStatusBarStyle[sdk=iphonesimulator*]" = UIStatusBarStyleDefault;
				INFOPLIST_KEY_UISupportedInterfaceOrientations = UIInterfaceOrientationPortrait;
				INFOPLIST_KEY_UISupportedInterfaceOrientations_iPad = "UIInterfaceOrientationLandscapeLeft UIInterfaceOrientationLandscapeRight UIInterfaceOrientationPortrait UIInterfaceOrientationPortraitUpsideDown";
				IPHONEOS_DEPLOYMENT_TARGET = 16.0;
				LD_RUNPATH_SEARCH_PATHS = "@executable_path/Frameworks";
				"LD_RUNPATH_SEARCH_PATHS[sdk=macosx*]" = "@executable_path/../Frameworks";
				MACOSX_DEPLOYMENT_TARGET = 14.2;
				MARKETING_VERSION = 1.0;
				PRODUCT_BUNDLE_IDENTIFIER = com.maximedelporte.rcpremierleague;
				PRODUCT_NAME = "$(TARGET_NAME)";
				PROVISIONING_PROFILE_SPECIFIER = "";
				"PROVISIONING_PROFILE_SPECIFIER[sdk=iphoneos*]" = "RC Premier League match AppStore";
				SDKROOT = auto;
				SUPPORTED_PLATFORMS = "iphoneos iphonesimulator";
				SUPPORTS_MACCATALYST = NO;
				SWIFT_EMIT_LOC_STRINGS = YES;
				SWIFT_VERSION = 5.0;
				TARGETED_DEVICE_FAMILY = "1,2";
			};
			name = Release;
		};
/* End XCBuildConfiguration section */

/* Begin XCConfigurationList section */
		FC3A6F612B519475000BAEF4 /* Build configuration list for PBXProject "rc-premier-league" */ = {
			isa = XCConfigurationList;
			buildConfigurations = (
				FC3A6F732B519476000BAEF4 /* Debug */,
				FC3A6F742B519476000BAEF4 /* Release */,
			);
			defaultConfigurationIsVisible = 0;
			defaultConfigurationName = Release;
		};
		FC3A6F752B519476000BAEF4 /* Build configuration list for PBXNativeTarget "rc-premier-league" */ = {
			isa = XCConfigurationList;
			buildConfigurations = (
				FC3A6F762B519476000BAEF4 /* Debug */,
				FC3A6F772B519476000BAEF4 /* Release */,
			);
			defaultConfigurationIsVisible = 0;
			defaultConfigurationName = Release;
		};
/* End XCConfigurationList section */

/* Begin XCRemoteSwiftPackageReference section */
		FCE279D82B52237F00554456 /* XCRemoteSwiftPackageReference "purchases-ios" */ = {
			isa = XCRemoteSwiftPackageReference;
			repositoryURL = "https://github.com/RevenueCat/purchases-ios.git";
			requirement = {
				kind = upToNextMajorVersion;
				minimumVersion = 4.31.9;
			};
		};
/* End XCRemoteSwiftPackageReference section */

/* Begin XCSwiftPackageProductDependency section */
		FCE279D92B52237F00554456 /* ReceiptParser */ = {
			isa = XCSwiftPackageProductDependency;
			package = FCE279D82B52237F00554456 /* XCRemoteSwiftPackageReference "purchases-ios" */;
			productName = ReceiptParser;
		};
		FCE279DB2B52237F00554456 /* RevenueCat */ = {
			isa = XCSwiftPackageProductDependency;
			package = FCE279D82B52237F00554456 /* XCRemoteSwiftPackageReference "purchases-ios" */;
			productName = RevenueCat;
		};
		FCE279DD2B52237F00554456 /* RevenueCatUI */ = {
			isa = XCSwiftPackageProductDependency;
			package = FCE279D82B52237F00554456 /* XCRemoteSwiftPackageReference "purchases-ios" */;
			productName = RevenueCatUI;
		};
/* End XCSwiftPackageProductDependency section */
	};
	rootObject = FC3A6F5E2B519475000BAEF4 /* Project object */;
}
